# THIS IS AN AUTOGENERATED FILE. DO NOT EDIT THIS FILE DIRECTLY.
# yarn lockfile v1


"@cloudflare/workers-types@^3.3.0":
  version "3.3.0"
  resolved "https://registry.yarnpkg.com/@cloudflare/workers-types/-/workers-types-3.3.0.tgz#a05cf8e27bf007a93c6437bf22daa616b1b5fc42"
  integrity sha512-3v3bm/hOuzNtHgDqPowrRE63H0GEn40LfhLMVpzS5yeg5tlE5nEQ0qobmGOJBCvJJ1LhgRRHZTJszXHs1DXQWg==

"@sentry/core@6.11.0":
  version "6.11.0"
  resolved "https://registry.yarnpkg.com/@sentry/core/-/core-6.11.0.tgz#40e94043afcf6407a109be26655c77832c64e740"
  integrity sha512-09TB+f3pqEq8LFahFWHO6I/4DxHo+NcS52OkbWMDqEi6oNZRD7PhPn3i14LfjsYVv3u3AESU8oxSEGbFrr2UjQ==
  dependencies:
    "@sentry/hub" "6.11.0"
    "@sentry/minimal" "6.11.0"
    "@sentry/types" "6.11.0"
    "@sentry/utils" "6.11.0"
    tslib "^1.9.3"

"@sentry/hub@6.11.0":
  version "6.11.0"
  resolved "https://registry.yarnpkg.com/@sentry/hub/-/hub-6.11.0.tgz#ddf9ddb0577d1c8290dc02c0242d274fe84d6c16"
  integrity sha512-pT9hf+ZJfVFpoZopoC+yJmFNclr4NPqPcl2cgguqCHb69DklD1NxgBNWK8D6X05qjnNFDF991U6t1mxP9HrGuw==
  dependencies:
    "@sentry/types" "6.11.0"
    "@sentry/utils" "6.11.0"
    tslib "^1.9.3"

"@sentry/minimal@6.11.0":
  version "6.11.0"
  resolved "https://registry.yarnpkg.com/@sentry/minimal/-/minimal-6.11.0.tgz#806d5512658370e40827b3e3663061db708fff33"
  integrity sha512-XkZ7qrdlGp4IM/gjGxf1Q575yIbl5RvPbg+WFeekpo16Ufvzx37Mr8c2xsZaWosISVyE6eyFpooORjUlzy8EDw==
  dependencies:
    "@sentry/hub" "6.11.0"
    "@sentry/types" "6.11.0"
    tslib "^1.9.3"

"@sentry/types@6.11.0":
  version "6.11.0"
  resolved "https://registry.yarnpkg.com/@sentry/types/-/types-6.11.0.tgz#5122685478d32ddacd3a891cbcf550012df85f7c"
  integrity sha512-gm5H9eZhL6bsIy/h3T+/Fzzz2vINhHhqd92CjHle3w7uXdTdFV98i2pDpErBGNTSNzbntqOMifYEB5ENtZAvcg==

"@sentry/utils@6.11.0":
  version "6.11.0"
  resolved "https://registry.yarnpkg.com/@sentry/utils/-/utils-6.11.0.tgz#d1dee4faf4d9c42c54bba88d5a66fb96b902a14c"
  integrity sha512-IOvyFHcnbRQxa++jO+ZUzRvFHEJ1cZjrBIQaNVc0IYF0twUOB5PTP6joTcix38ldaLeapaPZ9LGfudbvYvxkdg==
  dependencies:
    "@sentry/types" "6.11.0"
    tslib "^1.9.3"

"@tsconfig/node12@^1.0.9":
  version "1.0.9"
  resolved "https://registry.yarnpkg.com/@tsconfig/node12/-/node12-1.0.9.tgz#62c1f6dee2ebd9aead80dc3afa56810e58e1a04c"
  integrity sha512-/yBMcem+fbvhSREH+s14YJi18sp7J9jpuhYByADT2rypfajMZZN4WQ6zBGgBKp53NKmqI36wFYDb3yaMPurITw==

"@types/cookie@0.4.1":
  version "0.4.1"
  resolved "https://registry.yarnpkg.com/@types/cookie/-/cookie-0.4.1.tgz#bfd02c1f2224567676c1545199f87c3a861d878d"
  integrity sha512-XW/Aa8APYr6jSVVA1y/DEIZX0/GMKLEVekNG727R8cs56ahETkRAy/3DR7+fJyh7oUgGwNQaRfXCun0+KbWY7Q==

"@types/node@12.0.0":
  version "12.0.0"
  resolved "https://registry.yarnpkg.com/@types/node/-/node-12.0.0.tgz#d11813b9c0ff8aaca29f04cbc12817f4c7d656e5"
  integrity sha512-Jrb/x3HT4PTJp6a4avhmJCDEVrPdqLfl3e8GGMbpkGGdwAV5UGlIs4vVEfsHHfylZVOKZWpOqmqFH8CbfOZ6kg==

"@types/uuid@8.3.1":
  version "8.3.1"
  resolved "https://registry.yarnpkg.com/@types/uuid/-/uuid-8.3.1.tgz#1a32969cf8f0364b3d8c8af9cc3555b7805df14f"
  integrity sha512-Y2mHTRAbqfFkpjldbkHGY8JIzRN6XqYRliG8/24FcHm2D2PwW24fl5xMRTVGdrb7iMrwCaIEbLWerGIkXuFWVg==

"@types/uuid@^8.3.3":
  version "8.3.3"
  resolved "https://registry.yarnpkg.com/@types/uuid/-/uuid-8.3.3.tgz#c6a60686d953dbd1b1d45e66f4ecdbd5d471b4d0"
  integrity sha512-0LbEEx1zxrYB3pgpd1M5lEhLcXjKJnYghvhTRgaBeUivLHMDM1TzF3IJ6hXU2+8uA4Xz+5BA63mtZo5DjVT8iA==

cookie@0.4.1:
  version "0.4.1"
  resolved "https://registry.yarnpkg.com/cookie/-/cookie-0.4.1.tgz#afd713fe26ebd21ba95ceb61f9a8116e50a537d1"
  integrity sha512-ZwrFkGJxUR3EIoXtO+yVE69Eb7KlixbaeAWfBQB9vVsNn/o+Yw69gBWSSDK825hQNdN+wF8zELf3dFNl/kxkUA==

crc@^4.0.0:
  version "4.0.0"
  resolved "https://registry.yarnpkg.com/crc/-/crc-4.0.0.tgz#49d97bba62bbe97a0018d9d109ab2540f81a3b5a"
  integrity sha512-MFJnrsPVGMW9NkRO+BNquPNqTTvblLQ49VoSJSUdVSqlqJ+SLJylxsfuvNNlDNkoGwbR/2nO0T8rgUTv7HxUyg==

error-stack-parser@^2.0.6:
  version "2.0.6"
  resolved "https://registry.yarnpkg.com/error-stack-parser/-/error-stack-parser-2.0.6.tgz#5a99a707bd7a4c58a797902d48d82803ede6aad8"
  integrity sha512-d51brTeqC+BHlwF0BhPtcYgF5nlzf9ZZ0ZIUQNZpc9ZB9qw5IJ2diTrBY9jlCJkTLITYPjmiX6OWCwH+fuyNgQ==
  dependencies:
    stackframe "^1.1.1"

prettier@^2.5.1:
  version "2.5.1"
  resolved "https://registry.yarnpkg.com/prettier/-/prettier-2.5.1.tgz#fff75fa9d519c54cf0fce328c1017d94546bc56a"
  integrity sha512-vBZcPRUR5MZJwoyi3ZoyQlc1rXeEck8KgeC9AwwOn+exuxLxq5toTRDTSaVrXHxelDMHy9zlicw8u66yxoSUFg==

source-map@0.5.6:
  version "0.5.6"
  resolved "https://registry.yarnpkg.com/source-map/-/source-map-0.5.6.tgz#75ce38f52bf0733c5a7f0c118d81334a2bb5f412"
  integrity sha1-dc449SvwczxafwwRjYEzSiu19BI=

stack-generator@^2.0.5:
  version "2.0.5"
  resolved "https://registry.yarnpkg.com/stack-generator/-/stack-generator-2.0.5.tgz#fb00e5b4ee97de603e0773ea78ce944d81596c36"
  integrity sha512-/t1ebrbHkrLrDuNMdeAcsvynWgoH/i4o8EGGfX7dEYDoTXOYVAkEpFdtshlvabzc6JlJ8Kf9YdFEoz7JkzGN9Q==
  dependencies:
    stackframe "^1.1.1"

stackframe@^1.1.1:
  version "1.2.0"
  resolved "https://registry.yarnpkg.com/stackframe/-/stackframe-1.2.0.tgz#52429492d63c62eb989804c11552e3d22e779303"
  integrity sha512-GrdeshiRmS1YLMYgzF16olf2jJ/IzxXY9lhKOskuVziubpTYcYqyOwYeJKzQkwy7uN0fYSsbsC4RQaXf9LCrYA==

stacktrace-gps@^3.0.4:
  version "3.0.4"
  resolved "https://registry.yarnpkg.com/stacktrace-gps/-/stacktrace-gps-3.0.4.tgz#7688dc2fc09ffb3a13165ebe0dbcaf41bcf0c69a"
  integrity sha512-qIr8x41yZVSldqdqe6jciXEaSCKw1U8XTXpjDuy0ki/apyTn/r3w9hDAAQOhZdxvsC93H+WwwEu5cq5VemzYeg==
  dependencies:
    source-map "0.5.6"
    stackframe "^1.1.1"

stacktrace-js@2.0.2:
  version "2.0.2"
  resolved "https://registry.yarnpkg.com/stacktrace-js/-/stacktrace-js-2.0.2.tgz#4ca93ea9f494752d55709a081d400fdaebee897b"
  integrity sha512-Je5vBeY4S1r/RnLydLl0TBTi3F2qdfWmYsGvtfZgEI+SCprPppaIhQf5nGcal4gI4cGpCV/duLcAzT1np6sQqg==
  dependencies:
    error-stack-parser "^2.0.6"
    stack-generator "^2.0.5"
    stacktrace-gps "^3.0.4"

toucan-js@^2.5.0:
  version "2.5.0"
  resolved "https://registry.yarnpkg.com/toucan-js/-/toucan-js-2.5.0.tgz#049cd46237e34720c20607b0aabb564ea4cc1a51"
  integrity sha512-kGC4aBI5ou0L6jIe+CqYxWjobknU7CTsgQOfHMFadSm8KLh/8f2oKgtqcmRB5Iysvai2/4vJDrFXqX/3K4iAjQ==
  dependencies:
    "@sentry/core" "6.11.0"
    "@sentry/hub" "6.11.0"
    "@sentry/types" "6.11.0"
    "@sentry/utils" "6.11.0"
    "@types/cookie" "0.4.1"
    "@types/uuid" "8.3.1"
    cookie "0.4.1"
    stacktrace-js "2.0.2"
    uuid "8.3.2"

tslib@^1.9.3:
  version "1.14.1"
  resolved "https://registry.yarnpkg.com/tslib/-/tslib-1.14.1.tgz#cf2d38bdc34a134bcaf1091c41f6619e2f672d00"
  integrity sha512-Xni35NKzjgMrwevysHTCArtLDpPvye8zV/0E4EyYn43P7/7qvQwPh9BGkHewbMulVntbigmcT7rdX3BNo9wRJg==

uuid@8.3.2:
  version "8.3.2"
  resolved "https://registry.yarnpkg.com/uuid/-/uuid-8.3.2.tgz#80d5b5ced271bb9af6c445f21a1a04c606cefbe2"
  integrity sha512-+NYs2QeMWy+GWFOEm9xnn6HCDp0l7QBD7ml8zLUmJ+93Q5NF0NocErnwkTkXVFNiX3/fpC6afS8Dhb/gz7R7eg==
